<Solution>
  <Project Path="../App/Application/Application.csproj" />
  <Project Path="../App/Domain/Domain.csproj" />
  <Project Path="../App/Infrastructure/Infrastructure.csproj" />
  <!-- <Project Path="../App/ConsoleApp/ConsoleApp.csproj" /> -->
  <Project Path="../Tests/ApplicationTests/ApplicationTests.csproj" />
  <Project Path="../Tests/DomainTests/DomainTests.csproj" />
  <Project Path="../Tests/InfrastructureTests/InfrastructureTests.csproj" />
  <Project Path="ShevricTodo.csproj" />
</Solution>
