<Solution>
  <Project Path="../App/Application/Application.csproj" />
  <Project Path="../App/Domain/Domain.csproj" />
  <Project Path="../App/Infrastructure/Infrastructure.csproj" />
  <!-- <Project Path="../App/ConsoleApp/ConsoleApp.csproj" /> -->
  <Project Path="../Tests/Application_Tests/Application_Tests.csproj" />
  <!-- <Project Path="../Tests/ConsoleApp_Tests/ConsoleApp_Tests.csproj" /> -->
  <Project Path="../Tests/Domain_Tests/Domain_Tests.csproj" />
  <Project Path="../Tests/Infrastructure_Tests/Infrastructure_Tests.csproj" />
  <Project Path="ShevricTodo.csproj" />
</Solution>
