Microsoft Visual Studio Solution File, Format Version 12.00
# Visual Studio Version 17
VisualStudioVersion = 17.5.2.0
MinimumVisualStudioVersion = 10.0.40219.1
Project("{FAE04EC0-301F-11D3-BF4B-00C04F79EFBC}") = "Test03", "Test03.csproj", "{D1B5A15D-6B1A-6094-95FC-6D7713816ED3}"
EndProject
Global
	GlobalSection(SolutionConfigurationPlatforms) = preSolution
		Debug|Any CPU = Debug|Any CPU
		Release|Any CPU = Release|Any CPU
	EndGlobalSection
	GlobalSection(ProjectConfigurationPlatforms) = postSolution
		{D1B5A15D-6B1A-6094-95FC-6D7713816ED3}.Debug|Any CPU.ActiveCfg = Debug|Any CPU
		{D1B5A15D-6B1A-6094-95FC-6D7713816ED3}.Debug|Any CPU.Build.0 = Debug|Any CPU
		{D1B5A15D-6B1A-6094-95FC-6D7713816ED3}.Release|Any CPU.ActiveCfg = Release|Any CPU
		{D1B5A15D-6B1A-6094-95FC-6D7713816ED3}.Release|Any CPU.Build.0 = Release|Any CPU
	EndGlobalSection
	GlobalSection(SolutionProperties) = preSolution
		HideSolutionNode = FALSE
	EndGlobalSection
	GlobalSection(ExtensibilityGlobals) = postSolution
		SolutionGuid = {8BEE5717-F446-4A39-A2CC-C04855656427}
	EndGlobalSection
EndGlobal
